
Microsoft Visual Studio Solution File, Format Version 12.00
# Visual Studio Version 17
VisualStudioVersion = 17.14.36301.6 d17.14
MinimumVisualStudioVersion = 10.0.40219.1
Project("{FAE04EC0-301F-11D3-BF4B-00C04F79EFBC}") = "DonationSystem.Api", "DonationSystem.Api\DonationSystem.Api.csproj", "{ACAF6719-067D-467B-A896-026149DAE7FB}"
EndProject
Project("{FAE04EC0-301F-11D3-BF4B-00C04F79EFBC}") = "DonationSystem.Domain", "DonationSystem.Domain\DonationSystem.Domain.csproj", "{059298B7-4509-406D-9729-6464FE7BBF2E}"
EndProject
Project("{FAE04EC0-301F-11D3-BF4B-00C04F79EFBC}") = "DonationSystem.Infrastructure", "DonationSystem.Infrastructure\DonationSystem.Infrastructure.csproj", "{7FE8BED7-87DE-4BD1-9E15-D7070616C332}"
EndProject
Project("{FAE04EC0-301F-11D3-BF4B-00C04F79EFBC}") = "DonationSystem.Application", "DonationSystem.Application\DonationSystem.Application.csproj", "{6F1F2C5A-AF86-4243-B0AE-E6B9EE576B40}"
EndProject
Global
	GlobalSection(SolutionConfigurationPlatforms) = preSolution
		Debug|Any CPU = Debug|Any CPU
		Release|Any CPU = Release|Any CPU
	EndGlobalSection
	GlobalSection(ProjectConfigurationPlatforms) = postSolution
		{ACAF6719-067D-467B-A896-026149DAE7FB}.Debug|Any CPU.ActiveCfg = Debug|Any CPU
		{ACAF6719-067D-467B-A896-026149DAE7FB}.Debug|Any CPU.Build.0 = Debug|Any CPU
		{ACAF6719-067D-467B-A896-026149DAE7FB}.Release|Any CPU.ActiveCfg = Release|Any CPU
		{ACAF6719-067D-467B-A896-026149DAE7FB}.Release|Any CPU.Build.0 = Release|Any CPU
		{059298B7-4509-406D-9729-6464FE7BBF2E}.Debug|Any CPU.ActiveCfg = Debug|Any CPU
		{059298B7-4509-406D-9729-6464FE7BBF2E}.Debug|Any CPU.Build.0 = Debug|Any CPU
		{059298B7-4509-406D-9729-6464FE7BBF2E}.Release|Any CPU.ActiveCfg = Release|Any CPU
		{059298B7-4509-406D-9729-6464FE7BBF2E}.Release|Any CPU.Build.0 = Release|Any CPU
		{7FE8BED7-87DE-4BD1-9E15-D7070616C332}.Debug|Any CPU.ActiveCfg = Debug|Any CPU
		{7FE8BED7-87DE-4BD1-9E15-D7070616C332}.Debug|Any CPU.Build.0 = Debug|Any CPU
		{7FE8BED7-87DE-4BD1-9E15-D7070616C332}.Release|Any CPU.ActiveCfg = Release|Any CPU
		{7FE8BED7-87DE-4BD1-9E15-D7070616C332}.Release|Any CPU.Build.0 = Release|Any CPU
		{6F1F2C5A-AF86-4243-B0AE-E6B9EE576B40}.Debug|Any CPU.ActiveCfg = Debug|Any CPU
		{6F1F2C5A-AF86-4243-B0AE-E6B9EE576B40}.Debug|Any CPU.Build.0 = Debug|Any CPU
		{6F1F2C5A-AF86-4243-B0AE-E6B9EE576B40}.Release|Any CPU.ActiveCfg = Release|Any CPU
		{6F1F2C5A-AF86-4243-B0AE-E6B9EE576B40}.Release|Any CPU.Build.0 = Release|Any CPU
	EndGlobalSection
	GlobalSection(SolutionProperties) = preSolution
		HideSolutionNode = FALSE
	EndGlobalSection
	GlobalSection(ExtensibilityGlobals) = postSolution
		SolutionGuid = {06201DEE-4C2A-4807-ABE9-1A84EC07A7EE}
	EndGlobalSection
EndGlobal
